// !$*UTF8*$!
{
	archiveVersion = 1;
	classes = {
	};
	objectVersion = 46;
	objects = {

/* Begin PBXBuildFile section */
		7E7C259518821FD5005D9AB4 /* Foundation.framework in Frameworks */ = {isa = PBXBuildFile; fileRef = 7E7C259418821FD5005D9AB4 /* Foundation.framework */; };
		7E7C259718821FD5005D9AB4 /* CoreGraphics.framework in Frameworks */ = {isa = PBXBuildFile; fileRef = 7E7C259618821FD5005D9AB4 /* CoreGraphics.framework */; };
		7E7C259918821FD5005D9AB4 /* UIKit.framework in Frameworks */ = {isa = PBXBuildFile; fileRef = 7E7C259818821FD5005D9AB4 /* UIKit.framework */; };
		7E7C259F18821FD5005D9AB4 /* InfoPlist.strings in Resources */ = {isa = PBXBuildFile; fileRef = 7E7C259D18821FD5005D9AB4 /* InfoPlist.strings */; };
		7E7C25A118821FD5005D9AB4 /* main.m in Sources */ = {isa = PBXBuildFile; fileRef = 7E7C25A018821FD5005D9AB4 /* main.m */; };
		7E7C25A518821FD5005D9AB4 /* TCBAppDelegate.m in Sources */ = {isa = PBXBuildFile; fileRef = 7E7C25A418821FD5005D9AB4 /* TCBAppDelegate.m */; };
		7E7C25A718821FD5005D9AB4 /* Images.xcassets in Resources */ = {isa = PBXBuildFile; fileRef = 7E7C25A618821FD5005D9AB4 /* Images.xcassets */; };
		7E7C25AE18821FD5005D9AB4 /* XCTest.framework in Frameworks */ = {isa = PBXBuildFile; fileRef = 7E7C25AD18821FD5005D9AB4 /* XCTest.framework */; };
		7E7C25AF18821FD5005D9AB4 /* Foundation.framework in Frameworks */ = {isa = PBXBuildFile; fileRef = 7E7C259418821FD5005D9AB4 /* Foundation.framework */; };
		7E7C25B018821FD5005D9AB4 /* UIKit.framework in Frameworks */ = {isa = PBXBuildFile; fileRef = 7E7C259818821FD5005D9AB4 /* UIKit.framework */; };
		7E7C25B818821FD5005D9AB4 /* InfoPlist.strings in Resources */ = {isa = PBXBuildFile; fileRef = 7E7C25B618821FD5005D9AB4 /* InfoPlist.strings */; };
		7E7C25BA18821FD5005D9AB4 /* FlukitTests.m in Sources */ = {isa = PBXBuildFile; fileRef = 7E7C25B918821FD5005D9AB4 /* FlukitTests.m */; };
		7E7C25C4188221F6005D9AB4 /* Login.xib in Resources */ = {isa = PBXBuildFile; fileRef = 7E7C25C3188221F6005D9AB4 /* Login.xib */; };
/* End PBXBuildFile section */

/* Begin PBXContainerItemProxy section */
		7E7C25B118821FD5005D9AB4 /* PBXContainerItemProxy */ = {
			isa = PBXContainerItemProxy;
			containerPortal = 7E7C258918821FD5005D9AB4 /* Project object */;
			proxyType = 1;
			remoteGlobalIDString = 7E7C259018821FD5005D9AB4;
			remoteInfo = Flukit;
		};
/* End PBXContainerItemProxy section */

/* Begin PBXFileReference section */
		7E7C259118821FD5005D9AB4 /* Flukit.app */ = {isa = PBXFileReference; explicitFileType = wrapper.application; includeInIndex = 0; path = Flukit.app; sourceTree = BUILT_PRODUCTS_DIR; };
		7E7C259418821FD5005D9AB4 /* Foundation.framework */ = {isa = PBXFileReference; lastKnownFileType = wrapper.framework; name = Foundation.framework; path = System/Library/Frameworks/Foundation.framework; sourceTree = SDKROOT; };
		7E7C259618821FD5005D9AB4 /* CoreGraphics.framework */ = {isa = PBXFileReference; lastKnownFileType = wrapper.framework; name = CoreGraphics.framework; path = System/Library/Frameworks/CoreGraphics.framework; sourceTree = SDKROOT; };
		7E7C259818821FD5005D9AB4 /* UIKit.framework */ = {isa = PBXFileReference; lastKnownFileType = wrapper.framework; name = UIKit.framework; path = System/Library/Frameworks/UIKit.framework; sourceTree = SDKROOT; };
		7E7C259C18821FD5005D9AB4 /* Flukit-Info.plist */ = {isa = PBXFileReference; lastKnownFileType = text.plist.xml; path = "Flukit-Info.plist"; sourceTree = "<group>"; };
		7E7C259E18821FD5005D9AB4 /* en */ = {isa = PBXFileReference; lastKnownFileType = text.plist.strings; name = en; path = en.lproj/InfoPlist.strings; sourceTree = "<group>"; };
		7E7C25A018821FD5005D9AB4 /* main.m */ = {isa = PBXFileReference; lastKnownFileType = sourcecode.c.objc; path = main.m; sourceTree = "<group>"; };
		7E7C25A218821FD5005D9AB4 /* Flukit-Prefix.pch */ = {isa = PBXFileReference; lastKnownFileType = sourcecode.c.h; path = "Flukit-Prefix.pch"; sourceTree = "<group>"; };
		7E7C25A318821FD5005D9AB4 /* TCBAppDelegate.h */ = {isa = PBXFileReference; lastKnownFileType = sourcecode.c.h; path = TCBAppDelegate.h; sourceTree = "<group>"; };
		7E7C25A418821FD5005D9AB4 /* TCBAppDelegate.m */ = {isa = PBXFileReference; lastKnownFileType = sourcecode.c.objc; path = TCBAppDelegate.m; sourceTree = "<group>"; };
		7E7C25A618821FD5005D9AB4 /* Images.xcassets */ = {isa = PBXFileReference; lastKnownFileType = folder.assetcatalog; path = Images.xcassets; sourceTree = "<group>"; };
		7E7C25AC18821FD5005D9AB4 /* FlukitTests.xctest */ = {isa = PBXFileReference; explicitFileType = wrapper.cfbundle; includeInIndex = 0; path = FlukitTests.xctest; sourceTree = BUILT_PRODUCTS_DIR; };
		7E7C25AD18821FD5005D9AB4 /* XCTest.framework */ = {isa = PBXFileReference; lastKnownFileType = wrapper.framework; name = XCTest.framework; path = Library/Frameworks/XCTest.framework; sourceTree = DEVELOPER_DIR; };
		7E7C25B518821FD5005D9AB4 /* FlukitTests-Info.plist */ = {isa = PBXFileReference; lastKnownFileType = text.plist.xml; path = "FlukitTests-Info.plist"; sourceTree = "<group>"; };
		7E7C25B718821FD5005D9AB4 /* en */ = {isa = PBXFileReference; lastKnownFileType = text.plist.strings; name = en; path = en.lproj/InfoPlist.strings; sourceTree = "<group>"; };
		7E7C25B918821FD5005D9AB4 /* FlukitTests.m */ = {isa = PBXFileReference; lastKnownFileType = sourcecode.c.objc; path = FlukitTests.m; sourceTree = "<group>"; };
		7E7C25C3188221F6005D9AB4 /* Login.xib */ = {isa = PBXFileReference; fileEncoding = 4; lastKnownFileType = file.xib; path = Login.xib; sourceTree = "<group>"; };
/* End PBXFileReference section */

/* Begin PBXFrameworksBuildPhase section */
		7E7C258E18821FD5005D9AB4 /* Frameworks */ = {
			isa = PBXFrameworksBuildPhase;
			buildActionMask = 2147483647;
			files = (
				7E7C259718821FD5005D9AB4 /* CoreGraphics.framework in Frameworks */,
				7E7C259918821FD5005D9AB4 /* UIKit.framework in Frameworks */,
				7E7C259518821FD5005D9AB4 /* Foundation.framework in Frameworks */,
			);
			runOnlyForDeploymentPostprocessing = 0;
		};
		7E7C25A918821FD5005D9AB4 /* Frameworks */ = {
			isa = PBXFrameworksBuildPhase;
			buildActionMask = 2147483647;
			files = (
				7E7C25AE18821FD5005D9AB4 /* XCTest.framework in Frameworks */,
				7E7C25B018821FD5005D9AB4 /* UIKit.framework in Frameworks */,
				7E7C25AF18821FD5005D9AB4 /* Foundation.framework in Frameworks */,
			);
			runOnlyForDeploymentPostprocessing = 0;
		};
/* End PBXFrameworksBuildPhase section */

/* Begin PBXGroup section */
		7E7C258818821FD5005D9AB4 = {
			isa = PBXGroup;
			children = (
				7E7C259A18821FD5005D9AB4 /* Flukit */,
				7E7C25B318821FD5005D9AB4 /* FlukitTests */,
				7E7C259318821FD5005D9AB4 /* Frameworks */,
				7E7C259218821FD5005D9AB4 /* Products */,
			);
			sourceTree = "<group>";
		};
		7E7C259218821FD5005D9AB4 /* Products */ = {
			isa = PBXGroup;
			children = (
				7E7C259118821FD5005D9AB4 /* Flukit.app */,
				7E7C25AC18821FD5005D9AB4 /* FlukitTests.xctest */,
			);
			name = Products;
			sourceTree = "<group>";
		};
		7E7C259318821FD5005D9AB4 /* Frameworks */ = {
			isa = PBXGroup;
			children = (
				7E7C259418821FD5005D9AB4 /* Foundation.framework */,
				7E7C259618821FD5005D9AB4 /* CoreGraphics.framework */,
				7E7C259818821FD5005D9AB4 /* UIKit.framework */,
				7E7C25AD18821FD5005D9AB4 /* XCTest.framework */,
			);
			name = Frameworks;
			sourceTree = "<group>";
		};
		7E7C259A18821FD5005D9AB4 /* Flukit */ = {
			isa = PBXGroup;
			children = (
				7E7C25A318821FD5005D9AB4 /* TCBAppDelegate.h */,
				7E7C25A418821FD5005D9AB4 /* TCBAppDelegate.m */,
				7E7C25C3188221F6005D9AB4 /* Login.xib */,
				7E7C25A618821FD5005D9AB4 /* Images.xcassets */,
				7E7C259B18821FD5005D9AB4 /* Supporting Files */,
			);
			path = Flukit;
			sourceTree = "<group>";
		};
		7E7C259B18821FD5005D9AB4 /* Supporting Files */ = {
			isa = PBXGroup;
			children = (
				7E7C259C18821FD5005D9AB4 /* Flukit-Info.plist */,
				7E7C259D18821FD5005D9AB4 /* InfoPlist.strings */,
				7E7C25A018821FD5005D9AB4 /* main.m */,
				7E7C25A218821FD5005D9AB4 /* Flukit-Prefix.pch */,
			);
			name = "Supporting Files";
			sourceTree = "<group>";
		};
		7E7C25B318821FD5005D9AB4 /* FlukitTests */ = {
			isa = PBXGroup;
			children = (
				7E7C25B918821FD5005D9AB4 /* FlukitTests.m */,
				7E7C25B418821FD5005D9AB4 /* Supporting Files */,
			);
			path = FlukitTests;
			sourceTree = "<group>";
		};
		7E7C25B418821FD5005D9AB4 /* Supporting Files */ = {
			isa = PBXGroup;
			children = (
				7E7C25B518821FD5005D9AB4 /* FlukitTests-Info.plist */,
				7E7C25B618821FD5005D9AB4 /* InfoPlist.strings */,
			);
			name = "Supporting Files";
			sourceTree = "<group>";
		};
/* End PBXGroup section */

/* Begin PBXNativeTarget section */
		7E7C259018821FD5005D9AB4 /* Flukit */ = {
			isa = PBXNativeTarget;
			buildConfigurationList = 7E7C25BD18821FD5005D9AB4 /* Build configuration list for PBXNativeTarget "Flukit" */;
			buildPhases = (
				7E7C258D18821FD5005D9AB4 /* Sources */,
				7E7C258E18821FD5005D9AB4 /* Frameworks */,
				7E7C258F18821FD5005D9AB4 /* Resources */,
			);
			buildRules = (
			);
			dependencies = (
			);
			name = Flukit;
			productName = Flukit;
			productReference = 7E7C259118821FD5005D9AB4 /* Flukit.app */;
			productType = "com.apple.product-type.application";
		};
		7E7C25AB18821FD5005D9AB4 /* FlukitTests */ = {
			isa = PBXNativeTarget;
			buildConfigurationList = 7E7C25C018821FD5005D9AB4 /* Build configuration list for PBXNativeTarget "FlukitTests" */;
			buildPhases = (
				7E7C25A818821FD5005D9AB4 /* Sources */,
				7E7C25A918821FD5005D9AB4 /* Frameworks */,
				7E7C25AA18821FD5005D9AB4 /* Resources */,
			);
			buildRules = (
			);
			dependencies = (
				7E7C25B218821FD5005D9AB4 /* PBXTargetDependency */,
			);
			name = FlukitTests;
			productName = FlukitTests;
			productReference = 7E7C25AC18821FD5005D9AB4 /* FlukitTests.xctest */;
			productType = "com.apple.product-type.bundle.unit-test";
		};
/* End PBXNativeTarget section */

/* Begin PBXProject section */
		7E7C258918821FD5005D9AB4 /* Project object */ = {
			isa = PBXProject;
			attributes = {
				CLASSPREFIX = TCB;
				LastUpgradeCheck = 0500;
				ORGANIZATIONNAME = TheCodeBoutique;
				TargetAttributes = {
					7E7C25AB18821FD5005D9AB4 = {
						TestTargetID = 7E7C259018821FD5005D9AB4;
					};
				};
			};
			buildConfigurationList = 7E7C258C18821FD5005D9AB4 /* Build configuration list for PBXProject "Flukit" */;
			compatibilityVersion = "Xcode 3.2";
			developmentRegion = English;
			hasScannedForEncodings = 0;
			knownRegions = (
				en,
			);
			mainGroup = 7E7C258818821FD5005D9AB4;
			productRefGroup = 7E7C259218821FD5005D9AB4 /* Products */;
			projectDirPath = "";
			projectRoot = "";
			targets = (
				7E7C259018821FD5005D9AB4 /* Flukit */,
				7E7C25AB18821FD5005D9AB4 /* FlukitTests */,
			);
		};
/* End PBXProject section */

/* Begin PBXResourcesBuildPhase section */
		7E7C258F18821FD5005D9AB4 /* Resources */ = {
			isa = PBXResourcesBuildPhase;
			buildActionMask = 2147483647;
			files = (
				7E7C259F18821FD5005D9AB4 /* InfoPlist.strings in Resources */,
				7E7C25A718821FD5005D9AB4 /* Images.xcassets in Resources */,
				7E7C25C4188221F6005D9AB4 /* Login.xib in Resources */,
			);
			runOnlyForDeploymentPostprocessing = 0;
		};
		7E7C25AA18821FD5005D9AB4 /* Resources */ = {
			isa = PBXResourcesBuildPhase;
			buildActionMask = 2147483647;
			files = (
				7E7C25B818821FD5005D9AB4 /* InfoPlist.strings in Resources */,
			);
			runOnlyForDeploymentPostprocessing = 0;
		};
/* End PBXResourcesBuildPhase section */

/* Begin PBXSourcesBuildPhase section */
		7E7C258D18821FD5005D9AB4 /* Sources */ = {
			isa = PBXSourcesBuildPhase;
			buildActionMask = 2147483647;
			files = (
				7E7C25A518821FD5005D9AB4 /* TCBAppDelegate.m in Sources */,
				7E7C25A118821FD5005D9AB4 /* main.m in Sources */,
			);
			runOnlyForDeploymentPostprocessing = 0;
		};
		7E7C25A818821FD5005D9AB4 /* Sources */ = {
			isa = PBXSourcesBuildPhase;
			buildActionMask = 2147483647;
			files = (
				7E7C25BA18821FD5005D9AB4 /* FlukitTests.m in Sources */,
			);
			runOnlyForDeploymentPostprocessing = 0;
		};
/* End PBXSourcesBuildPhase section */

/* Begin PBXTargetDependency section */
		7E7C25B218821FD5005D9AB4 /* PBXTargetDependency */ = {
			isa = PBXTargetDependency;
			target = 7E7C259018821FD5005D9AB4 /* Flukit */;
			targetProxy = 7E7C25B118821FD5005D9AB4 /* PBXContainerItemProxy */;
		};
/* End PBXTargetDependency section */

/* Begin PBXVariantGroup section */
		7E7C259D18821FD5005D9AB4 /* InfoPlist.strings */ = {
			isa = PBXVariantGroup;
			children = (
				7E7C259E18821FD5005D9AB4 /* en */,
			);
			name = InfoPlist.strings;
			sourceTree = "<group>";
		};
		7E7C25B618821FD5005D9AB4 /* InfoPlist.strings */ = {
			isa = PBXVariantGroup;
			children = (
				7E7C25B718821FD5005D9AB4 /* en */,
			);
			name = InfoPlist.strings;
			sourceTree = "<group>";
		};
/* End PBXVariantGroup section */

/* Begin XCBuildConfiguration section */
		7E7C25BB18821FD5005D9AB4 /* Debug */ = {
			isa = XCBuildConfiguration;
			buildSettings = {
				ALWAYS_SEARCH_USER_PATHS = NO;
				ARCHS = "$(ARCHS_STANDARD_INCLUDING_64_BIT)";
				CLANG_CXX_LANGUAGE_STANDARD = "gnu++0x";
				CLANG_CXX_LIBRARY = "libc++";
				CLANG_ENABLE_MODULES = YES;
				CLANG_ENABLE_OBJC_ARC = YES;
				CLANG_WARN_BOOL_CONVERSION = YES;
				CLANG_WARN_CONSTANT_CONVERSION = YES;
				CLANG_WARN_DIRECT_OBJC_ISA_USAGE = YES_ERROR;
				CLANG_WARN_EMPTY_BODY = YES;
				CLANG_WARN_ENUM_CONVERSION = YES;
				CLANG_WARN_INT_CONVERSION = YES;
				CLANG_WARN_OBJC_ROOT_CLASS = YES_ERROR;
				CLANG_WARN__DUPLICATE_METHOD_MATCH = YES;
				"CODE_SIGN_IDENTITY[sdk=iphoneos*]" = "iPhone Developer";
				COPY_PHASE_STRIP = NO;
				GCC_C_LANGUAGE_STANDARD = gnu99;
				GCC_DYNAMIC_NO_PIC = NO;
				GCC_OPTIMIZATION_LEVEL = 0;
				GCC_PREPROCESSOR_DEFINITIONS = (
					"DEBUG=1",
					"$(inherited)",
				);
				GCC_SYMBOLS_PRIVATE_EXTERN = NO;
				GCC_WARN_64_TO_32_BIT_CONVERSION = YES;
				GCC_WARN_ABOUT_RETURN_TYPE = YES_ERROR;
				GCC_WARN_UNDECLARED_SELECTOR = YES;
				GCC_WARN_UNINITIALIZED_AUTOS = YES;
				GCC_WARN_UNUSED_FUNCTION = YES;
				GCC_WARN_UNUSED_VARIABLE = YES;
				IPHONEOS_DEPLOYMENT_TARGET = 7.0;
				ONLY_ACTIVE_ARCH = YES;
				SDKROOT = iphoneos;
				TARGETED_DEVICE_FAMILY = "1,2";
			};
			name = Debug;
		};
		7E7C25BC18821FD5005D9AB4 /* Release */ = {
			isa = XCBuildConfiguration;
			buildSettings = {
				ALWAYS_SEARCH_USER_PATHS = NO;
				ARCHS = "$(ARCHS_STANDARD_INCLUDING_64_BIT)";
				CLANG_CXX_LANGUAGE_STANDARD = "gnu++0x";
				CLANG_CXX_LIBRARY = "libc++";
				CLANG_ENABLE_MODULES = YES;
				CLANG_ENABLE_OBJC_ARC = YES;
				CLANG_WARN_BOOL_CONVERSION = YES;
				CLANG_WARN_CONSTANT_CONVERSION = YES;
				CLANG_WARN_DIRECT_OBJC_ISA_USAGE = YES_ERROR;
				CLANG_WARN_EMPTY_BODY = YES;
				CLANG_WARN_ENUM_CONVERSION = YES;
				CLANG_WARN_INT_CONVERSION = YES;
				CLANG_WARN_OBJC_ROOT_CLASS = YES_ERROR;
				CLANG_WARN__DUPLICATE_METHOD_MATCH = YES;
				"CODE_SIGN_IDENTITY[sdk=iphoneos*]" = "iPhone Developer";
				COPY_PHASE_STRIP = YES;
				ENABLE_NS_ASSERTIONS = NO;
				GCC_C_LANGUAGE_STANDARD = gnu99;
				GCC_WARN_64_TO_32_BIT_CONVERSION = YES;
				GCC_WARN_ABOUT_RETURN_TYPE = YES_ERROR;
				GCC_WARN_UNDECLARED_SELECTOR = YES;
				GCC_WARN_UNINITIALIZED_AUTOS = YES;
				GCC_WARN_UNUSED_FUNCTION = YES;
				GCC_WARN_UNUSED_VARIABLE = YES;
				IPHONEOS_DEPLOYMENT_TARGET = 7.0;
				SDKROOT = iphoneos;
				TARGETED_DEVICE_FAMILY = "1,2";
				VALIDATE_PRODUCT = YES;
			};
			name = Release;
		};
		7E7C25BE18821FD5005D9AB4 /* Debug */ = {
			isa = XCBuildConfiguration;
			buildSettings = {
				ASSETCATALOG_COMPILER_APPICON_NAME = AppIcon;
				ASSETCATALOG_COMPILER_LAUNCHIMAGE_NAME = LaunchImage;
				GCC_PRECOMPILE_PREFIX_HEADER = YES;
				GCC_PREFIX_HEADER = "Flukit/Flukit-Prefix.pch";
				INFOPLIST_FILE = "Flukit/Flukit-Info.plist";
				PRODUCT_NAME = "$(TARGET_NAME)";
				WRAPPER_EXTENSION = app;
			};
			name = Debug;
		};
		7E7C25BF18821FD5005D9AB4 /* Release */ = {
			isa = XCBuildConfiguration;
			buildSettings = {
				ASSETCATALOG_COMPILER_APPICON_NAME = AppIcon;
				ASSETCATALOG_COMPILER_LAUNCHIMAGE_NAME = LaunchImage;
				GCC_PRECOMPILE_PREFIX_HEADER = YES;
				GCC_PREFIX_HEADER = "Flukit/Flukit-Prefix.pch";
				INFOPLIST_FILE = "Flukit/Flukit-Info.plist";
				PRODUCT_NAME = "$(TARGET_NAME)";
				WRAPPER_EXTENSION = app;
			};
			name = Release;
		};
		7E7C25C118821FD5005D9AB4 /* Debug */ = {
			isa = XCBuildConfiguration;
			buildSettings = {
				ARCHS = "$(ARCHS_STANDARD_INCLUDING_64_BIT)";
				BUNDLE_LOADER = "$(BUILT_PRODUCTS_DIR)/Flukit.app/Flukit";
				FRAMEWORK_SEARCH_PATHS = (
					"$(SDKROOT)/Developer/Library/Frameworks",
					"$(inherited)",
					"$(DEVELOPER_FRAMEWORKS_DIR)",
				);
				GCC_PRECOMPILE_PREFIX_HEADER = YES;
				GCC_PREFIX_HEADER = "Flukit/Flukit-Prefix.pch";
				GCC_PREPROCESSOR_DEFINITIONS = (
					"DEBUG=1",
					"$(inherited)",
				);
				INFOPLIST_FILE = "FlukitTests/FlukitTests-Info.plist";
				PRODUCT_NAME = "$(TARGET_NAME)";
				TEST_HOST = "$(BUNDLE_LOADER)";
				WRAPPER_EXTENSION = xctest;
			};
			name = Debug;
		};
		7E7C25C218821FD5005D9AB4 /* Release */ = {
			isa = XCBuildConfiguration;
			buildSettings = {
				ARCHS = "$(ARCHS_STANDARD_INCLUDING_64_BIT)";
				BUNDLE_LOADER = "$(BUILT_PRODUCTS_DIR)/Flukit.app/Flukit";
				FRAMEWORK_SEARCH_PATHS = (
					"$(SDKROOT)/Developer/Library/Frameworks",
					"$(inherited)",
					"$(DEVELOPER_FRAMEWORKS_DIR)",
				);
				GCC_PRECOMPILE_PREFIX_HEADER = YES;
				GCC_PREFIX_HEADER = "Flukit/Flukit-Prefix.pch";
				INFOPLIST_FILE = "FlukitTests/FlukitTests-Info.plist";
				PRODUCT_NAME = "$(TARGET_NAME)";
				TEST_HOST = "$(BUNDLE_LOADER)";
				WRAPPER_EXTENSION = xctest;
			};
			name = Release;
		};
/* End XCBuildConfiguration section */

/* Begin XCConfigurationList section */
		7E7C258C18821FD5005D9AB4 /* Build configuration list for PBXProject "Flukit" */ = {
			isa = XCConfigurationList;
			buildConfigurations = (
				7E7C25BB18821FD5005D9AB4 /* Debug */,
				7E7C25BC18821FD5005D9AB4 /* Release */,
			);
			defaultConfigurationIsVisible = 0;
			defaultConfigurationName = Release;
		};
		7E7C25BD18821FD5005D9AB4 /* Build configuration list for PBXNativeTarget "Flukit" */ = {
			isa = XCConfigurationList;
			buildConfigurations = (
				7E7C25BE18821FD5005D9AB4 /* Debug */,
				7E7C25BF18821FD5005D9AB4 /* Release */,
			);
			defaultConfigurationIsVisible = 0;
		};
		7E7C25C018821FD5005D9AB4 /* Build configuration list for PBXNativeTarget "FlukitTests" */ = {
			isa = XCConfigurationList;
			buildConfigurations = (
				7E7C25C118821FD5005D9AB4 /* Debug */,
				7E7C25C218821FD5005D9AB4 /* Release */,
			);
			defaultConfigurationIsVisible = 0;
		};
/* End XCConfigurationList section */
	};
	rootObject = 7E7C258918821FD5005D9AB4 /* Project object */;
}
