// !$*UTF8*$!
{
	archiveVersion = 1;
	classes = {
	};
	objectVersion = 46;
	objects = {

/* Begin PBXBuildFile section */
		7E73AAE1188226CF0006D699 /* TCBLoginViewController.m in Sources */ = {isa = PBXBuildFile; fileRef = 7E73AADF188226CF0006D699 /* TCBLoginViewController.m */; };
		7E73AAE2188226CF0006D699 /* TCBLoginViewController.xib in Resources */ = {isa = PBXBuildFile; fileRef = 7E73AAE0188226CF0006D699 /* TCBLoginViewController.xib */; };
		7E73AAE718822CD80006D699 /* TCBAutoLoginViewController.m in Sources */ = {isa = PBXBuildFile; fileRef = 7E73AAE518822CD80006D699 /* TCBAutoLoginViewController.m */; };
		7E73AAE818822CD80006D699 /* TCBAutoLoginViewController.xib in Resources */ = {isa = PBXBuildFile; fileRef = 7E73AAE618822CD80006D699 /* TCBAutoLoginViewController.xib */; };
		7E7C259518821FD5005D9AB4 /* Foundation.framework in Frameworks */ = {isa = PBXBuildFile; fileRef = 7E7C259418821FD5005D9AB4 /* Foundation.framework */; };
		7E7C259718821FD5005D9AB4 /* CoreGraphics.framework in Frameworks */ = {isa = PBXBuildFile; fileRef = 7E7C259618821FD5005D9AB4 /* CoreGraphics.framework */; };
		7E7C259918821FD5005D9AB4 /* UIKit.framework in Frameworks */ = {isa = PBXBuildFile; fileRef = 7E7C259818821FD5005D9AB4 /* UIKit.framework */; };
		7E7C259F18821FD5005D9AB4 /* InfoPlist.strings in Resources */ = {isa = PBXBuildFile; fileRef = 7E7C259D18821FD5005D9AB4 /* InfoPlist.strings */; };
		7E7C25A118821FD5005D9AB4 /* main.m in Sources */ = {isa = PBXBuildFile; fileRef = 7E7C25A018821FD5005D9AB4 /* main.m */; };
		7E7C25A518821FD5005D9AB4 /* TCBAppDelegate.m in Sources */ = {isa = PBXBuildFile; fileRef = 7E7C25A418821FD5005D9AB4 /* TCBAppDelegate.m */; };
		7E7C25A718821FD5005D9AB4 /* Images.xcassets in Resources */ = {isa = PBXBuildFile; fileRef = 7E7C25A618821FD5005D9AB4 /* Images.xcassets */; };
		7E7C25AE18821FD5005D9AB4 /* XCTest.framework in Frameworks */ = {isa = PBXBuildFile; fileRef = 7E7C25AD18821FD5005D9AB4 /* XCTest.framework */; };
		7E7C25AF18821FD5005D9AB4 /* Foundation.framework in Frameworks */ = {isa = PBXBuildFile; fileRef = 7E7C259418821FD5005D9AB4 /* Foundation.framework */; };
		7E7C25B018821FD5005D9AB4 /* UIKit.framework in Frameworks */ = {isa = PBXBuildFile; fileRef = 7E7C259818821FD5005D9AB4 /* UIKit.framework */; };
		7E7C25B818821FD5005D9AB4 /* InfoPlist.strings in Resources */ = {isa = PBXBuildFile; fileRef = 7E7C25B618821FD5005D9AB4 /* InfoPlist.strings */; };
		7E7C25BA18821FD5005D9AB4 /* FlukitTests.m in Sources */ = {isa = PBXBuildFile; fileRef = 7E7C25B918821FD5005D9AB4 /* FlukitTests.m */; };
		7EC00F2E1885E80000ABAE7A /* Parse.framework in Frameworks */ = {isa = PBXBuildFile; fileRef = 7EC00F2D1885E80000ABAE7A /* Parse.framework */; };
		7EC00F321885ED7500ABAE7A /* TCBGameModeViewController.m in Sources */ = {isa = PBXBuildFile; fileRef = 7EC00F301885ED7500ABAE7A /* TCBGameModeViewController.m */; };
		7EC00F331885ED7500ABAE7A /* TCBGameModeViewController.xib in Resources */ = {isa = PBXBuildFile; fileRef = 7EC00F311885ED7500ABAE7A /* TCBGameModeViewController.xib */; };
		7ED3C69D1884C5B100843EBB /* flickhand.png in Resources */ = {isa = PBXBuildFile; fileRef = 7ED3C69A1884C5B100843EBB /* flickhand.png */; };
		7ED3C69E1884C5B100843EBB /* Mr.Flukit.png in Resources */ = {isa = PBXBuildFile; fileRef = 7ED3C69B1884C5B100843EBB /* Mr.Flukit.png */; };
		7ED3C6A11884C64C00843EBB /* openhand.png in Resources */ = {isa = PBXBuildFile; fileRef = 7ED3C6A01884C64C00843EBB /* openhand.png */; };
		D40D760C1883AAC2000AB22E /* AudioToolbox.framework in Frameworks */ = {isa = PBXBuildFile; fileRef = D40D760B1883AAC2000AB22E /* AudioToolbox.framework */; };
		D40D760E1883AACC000AB22E /* CFNetwork.framework in Frameworks */ = {isa = PBXBuildFile; fileRef = D40D760D1883AACC000AB22E /* CFNetwork.framework */; };
		D40D76101883AAE4000AB22E /* CoreLocation.framework in Frameworks */ = {isa = PBXBuildFile; fileRef = D40D760F1883AAE4000AB22E /* CoreLocation.framework */; };
		D40D76121883AAEE000AB22E /* libz.1.1.3.dylib in Frameworks */ = {isa = PBXBuildFile; fileRef = D40D76111883AAEE000AB22E /* libz.1.1.3.dylib */; };
		D40D76141883AAF5000AB22E /* MobileCoreServices.framework in Frameworks */ = {isa = PBXBuildFile; fileRef = D40D76131883AAF5000AB22E /* MobileCoreServices.framework */; };
		D40D76161883AAFD000AB22E /* QuartzCore.framework in Frameworks */ = {isa = PBXBuildFile; fileRef = D40D76151883AAFD000AB22E /* QuartzCore.framework */; };
		D40D76181883AB05000AB22E /* Security.framework in Frameworks */ = {isa = PBXBuildFile; fileRef = D40D76171883AB05000AB22E /* Security.framework */; };
		D40D761A1883AB0B000AB22E /* StoreKit.framework in Frameworks */ = {isa = PBXBuildFile; fileRef = D40D76191883AB0B000AB22E /* StoreKit.framework */; };
		D40D761C1883AB14000AB22E /* SystemConfiguration.framework in Frameworks */ = {isa = PBXBuildFile; fileRef = D40D761B1883AB14000AB22E /* SystemConfiguration.framework */; };
		D40D76241883AD6E000AB22E /* TCBCreateAccountViewController.m in Sources */ = {isa = PBXBuildFile; fileRef = D40D76221883AD6E000AB22E /* TCBCreateAccountViewController.m */; };
		D40D76251883AD6E000AB22E /* TCBCreateAccountViewController.xib in Resources */ = {isa = PBXBuildFile; fileRef = D40D76231883AD6E000AB22E /* TCBCreateAccountViewController.xib */; };
		D40D76281883AF75000AB22E /* MBProgressHUD.m in Sources */ = {isa = PBXBuildFile; fileRef = D40D76271883AF75000AB22E /* MBProgressHUD.m */; };
		D40D76301883B25C000AB22E /* UIActionSheet+Blocks.m in Sources */ = {isa = PBXBuildFile; fileRef = D40D762B1883B25C000AB22E /* UIActionSheet+Blocks.m */; };
		D40D76311883B25C000AB22E /* RIButtonItem.m in Sources */ = {isa = PBXBuildFile; fileRef = D40D762D1883B25C000AB22E /* RIButtonItem.m */; };
		D40D76321883B25C000AB22E /* UIAlertView+Blocks.m in Sources */ = {isa = PBXBuildFile; fileRef = D40D762F1883B25C000AB22E /* UIAlertView+Blocks.m */; };
		D40D76351883BA61000AB22E /* FacebookSDK.framework in Frameworks */ = {isa = PBXBuildFile; fileRef = D40D76341883BA61000AB22E /* FacebookSDK.framework */; };
		D4F19A0A1884D0ED0044B109 /* TCBCardViewController.m in Sources */ = {isa = PBXBuildFile; fileRef = D4F19A081884D0ED0044B109 /* TCBCardViewController.m */; };
		D4F19A0B1884D0ED0044B109 /* TCBCardViewController.xib in Resources */ = {isa = PBXBuildFile; fileRef = D4F19A091884D0ED0044B109 /* TCBCardViewController.xib */; };
		D4F19A0D1884D36A0044B109 /* background.png in Resources */ = {isa = PBXBuildFile; fileRef = D4F19A0C1884D36A0044B109 /* background.png */; };
/* End PBXBuildFile section */

/* Begin PBXContainerItemProxy section */
		7E7C25B118821FD5005D9AB4 /* PBXContainerItemProxy */ = {
			isa = PBXContainerItemProxy;
			containerPortal = 7E7C258918821FD5005D9AB4 /* Project object */;
			proxyType = 1;
			remoteGlobalIDString = 7E7C259018821FD5005D9AB4;
			remoteInfo = Flukit;
		};
/* End PBXContainerItemProxy section */

/* Begin PBXFileReference section */
		7E73AADE188226CF0006D699 /* TCBLoginViewController.h */ = {isa = PBXFileReference; fileEncoding = 4; lastKnownFileType = sourcecode.c.h; path = TCBLoginViewController.h; sourceTree = "<group>"; };
		7E73AADF188226CF0006D699 /* TCBLoginViewController.m */ = {isa = PBXFileReference; fileEncoding = 4; lastKnownFileType = sourcecode.c.objc; path = TCBLoginViewController.m; sourceTree = "<group>"; };
		7E73AAE0188226CF0006D699 /* TCBLoginViewController.xib */ = {isa = PBXFileReference; fileEncoding = 4; lastKnownFileType = file.xib; path = TCBLoginViewController.xib; sourceTree = "<group>"; };
		7E73AAE418822CD80006D699 /* TCBAutoLoginViewController.h */ = {isa = PBXFileReference; fileEncoding = 4; lastKnownFileType = sourcecode.c.h; path = TCBAutoLoginViewController.h; sourceTree = "<group>"; };
		7E73AAE518822CD80006D699 /* TCBAutoLoginViewController.m */ = {isa = PBXFileReference; fileEncoding = 4; lastKnownFileType = sourcecode.c.objc; path = TCBAutoLoginViewController.m; sourceTree = "<group>"; };
		7E73AAE618822CD80006D699 /* TCBAutoLoginViewController.xib */ = {isa = PBXFileReference; fileEncoding = 4; lastKnownFileType = file.xib; path = TCBAutoLoginViewController.xib; sourceTree = "<group>"; };
		7E7C259118821FD5005D9AB4 /* Flukit.app */ = {isa = PBXFileReference; explicitFileType = wrapper.application; includeInIndex = 0; path = Flukit.app; sourceTree = BUILT_PRODUCTS_DIR; };
		7E7C259418821FD5005D9AB4 /* Foundation.framework */ = {isa = PBXFileReference; lastKnownFileType = wrapper.framework; name = Foundation.framework; path = System/Library/Frameworks/Foundation.framework; sourceTree = SDKROOT; };
		7E7C259618821FD5005D9AB4 /* CoreGraphics.framework */ = {isa = PBXFileReference; lastKnownFileType = wrapper.framework; name = CoreGraphics.framework; path = System/Library/Frameworks/CoreGraphics.framework; sourceTree = SDKROOT; };
		7E7C259818821FD5005D9AB4 /* UIKit.framework */ = {isa = PBXFileReference; lastKnownFileType = wrapper.framework; name = UIKit.framework; path = System/Library/Frameworks/UIKit.framework; sourceTree = SDKROOT; };
		7E7C259C18821FD5005D9AB4 /* Flukit-Info.plist */ = {isa = PBXFileReference; lastKnownFileType = text.plist.xml; path = "Flukit-Info.plist"; sourceTree = "<group>"; };
		7E7C259E18821FD5005D9AB4 /* en */ = {isa = PBXFileReference; lastKnownFileType = text.plist.strings; name = en; path = en.lproj/InfoPlist.strings; sourceTree = "<group>"; };
		7E7C25A018821FD5005D9AB4 /* main.m */ = {isa = PBXFileReference; lastKnownFileType = sourcecode.c.objc; path = main.m; sourceTree = "<group>"; };
		7E7C25A218821FD5005D9AB4 /* Flukit-Prefix.pch */ = {isa = PBXFileReference; lastKnownFileType = sourcecode.c.h; path = "Flukit-Prefix.pch"; sourceTree = "<group>"; };
		7E7C25A318821FD5005D9AB4 /* TCBAppDelegate.h */ = {isa = PBXFileReference; lastKnownFileType = sourcecode.c.h; path = TCBAppDelegate.h; sourceTree = "<group>"; };
		7E7C25A418821FD5005D9AB4 /* TCBAppDelegate.m */ = {isa = PBXFileReference; lastKnownFileType = sourcecode.c.objc; path = TCBAppDelegate.m; sourceTree = "<group>"; };
		7E7C25A618821FD5005D9AB4 /* Images.xcassets */ = {isa = PBXFileReference; lastKnownFileType = folder.assetcatalog; path = Images.xcassets; sourceTree = "<group>"; };
		7E7C25AC18821FD5005D9AB4 /* FlukitTests.xctest */ = {isa = PBXFileReference; explicitFileType = wrapper.cfbundle; includeInIndex = 0; path = FlukitTests.xctest; sourceTree = BUILT_PRODUCTS_DIR; };
		7E7C25AD18821FD5005D9AB4 /* XCTest.framework */ = {isa = PBXFileReference; lastKnownFileType = wrapper.framework; name = XCTest.framework; path = Library/Frameworks/XCTest.framework; sourceTree = DEVELOPER_DIR; };
		7E7C25B518821FD5005D9AB4 /* FlukitTests-Info.plist */ = {isa = PBXFileReference; lastKnownFileType = text.plist.xml; path = "FlukitTests-Info.plist"; sourceTree = "<group>"; };
		7E7C25B718821FD5005D9AB4 /* en */ = {isa = PBXFileReference; lastKnownFileType = text.plist.strings; name = en; path = en.lproj/InfoPlist.strings; sourceTree = "<group>"; };
		7E7C25B918821FD5005D9AB4 /* FlukitTests.m */ = {isa = PBXFileReference; lastKnownFileType = sourcecode.c.objc; path = FlukitTests.m; sourceTree = "<group>"; };
		7EC00F2D1885E80000ABAE7A /* Parse.framework */ = {isa = PBXFileReference; lastKnownFileType = wrapper.framework; path = Parse.framework; sourceTree = "<group>"; };
		7EC00F2F1885ED7500ABAE7A /* TCBGameModeViewController.h */ = {isa = PBXFileReference; fileEncoding = 4; lastKnownFileType = sourcecode.c.h; path = TCBGameModeViewController.h; sourceTree = "<group>"; };
		7EC00F301885ED7500ABAE7A /* TCBGameModeViewController.m */ = {isa = PBXFileReference; fileEncoding = 4; lastKnownFileType = sourcecode.c.objc; path = TCBGameModeViewController.m; sourceTree = "<group>"; };
		7EC00F311885ED7500ABAE7A /* TCBGameModeViewController.xib */ = {isa = PBXFileReference; fileEncoding = 4; lastKnownFileType = file.xib; path = TCBGameModeViewController.xib; sourceTree = "<group>"; };
		7ED3C69A1884C5B100843EBB /* flickhand.png */ = {isa = PBXFileReference; lastKnownFileType = image.png; path = flickhand.png; sourceTree = "<group>"; };
		7ED3C69B1884C5B100843EBB /* Mr.Flukit.png */ = {isa = PBXFileReference; lastKnownFileType = image.png; path = Mr.Flukit.png; sourceTree = "<group>"; };
		7ED3C6A01884C64C00843EBB /* openhand.png */ = {isa = PBXFileReference; lastKnownFileType = image.png; path = openhand.png; sourceTree = "<group>"; };
		D40D760B1883AAC2000AB22E /* AudioToolbox.framework */ = {isa = PBXFileReference; lastKnownFileType = wrapper.framework; name = AudioToolbox.framework; path = System/Library/Frameworks/AudioToolbox.framework; sourceTree = SDKROOT; };
		D40D760D1883AACC000AB22E /* CFNetwork.framework */ = {isa = PBXFileReference; lastKnownFileType = wrapper.framework; name = CFNetwork.framework; path = System/Library/Frameworks/CFNetwork.framework; sourceTree = SDKROOT; };
		D40D760F1883AAE4000AB22E /* CoreLocation.framework */ = {isa = PBXFileReference; lastKnownFileType = wrapper.framework; name = CoreLocation.framework; path = System/Library/Frameworks/CoreLocation.framework; sourceTree = SDKROOT; };
		D40D76111883AAEE000AB22E /* libz.1.1.3.dylib */ = {isa = PBXFileReference; lastKnownFileType = "compiled.mach-o.dylib"; name = libz.1.1.3.dylib; path = usr/lib/libz.1.1.3.dylib; sourceTree = SDKROOT; };
		D40D76131883AAF5000AB22E /* MobileCoreServices.framework */ = {isa = PBXFileReference; lastKnownFileType = wrapper.framework; name = MobileCoreServices.framework; path = System/Library/Frameworks/MobileCoreServices.framework; sourceTree = SDKROOT; };
		D40D76151883AAFD000AB22E /* QuartzCore.framework */ = {isa = PBXFileReference; lastKnownFileType = wrapper.framework; name = QuartzCore.framework; path = System/Library/Frameworks/QuartzCore.framework; sourceTree = SDKROOT; };
		D40D76171883AB05000AB22E /* Security.framework */ = {isa = PBXFileReference; lastKnownFileType = wrapper.framework; name = Security.framework; path = System/Library/Frameworks/Security.framework; sourceTree = SDKROOT; };
		D40D76191883AB0B000AB22E /* StoreKit.framework */ = {isa = PBXFileReference; lastKnownFileType = wrapper.framework; name = StoreKit.framework; path = System/Library/Frameworks/StoreKit.framework; sourceTree = SDKROOT; };
		D40D761B1883AB14000AB22E /* SystemConfiguration.framework */ = {isa = PBXFileReference; lastKnownFileType = wrapper.framework; name = SystemConfiguration.framework; path = System/Library/Frameworks/SystemConfiguration.framework; sourceTree = SDKROOT; };
		D40D76211883AD6E000AB22E /* TCBCreateAccountViewController.h */ = {isa = PBXFileReference; fileEncoding = 4; lastKnownFileType = sourcecode.c.h; path = TCBCreateAccountViewController.h; sourceTree = "<group>"; };
		D40D76221883AD6E000AB22E /* TCBCreateAccountViewController.m */ = {isa = PBXFileReference; fileEncoding = 4; lastKnownFileType = sourcecode.c.objc; path = TCBCreateAccountViewController.m; sourceTree = "<group>"; };
		D40D76231883AD6E000AB22E /* TCBCreateAccountViewController.xib */ = {isa = PBXFileReference; fileEncoding = 4; lastKnownFileType = file.xib; path = TCBCreateAccountViewController.xib; sourceTree = "<group>"; };
		D40D76261883AF75000AB22E /* MBProgressHUD.h */ = {isa = PBXFileReference; fileEncoding = 4; lastKnownFileType = sourcecode.c.h; path = MBProgressHUD.h; sourceTree = "<group>"; };
		D40D76271883AF75000AB22E /* MBProgressHUD.m */ = {isa = PBXFileReference; fileEncoding = 4; lastKnownFileType = sourcecode.c.objc; path = MBProgressHUD.m; sourceTree = "<group>"; };
		D40D762A1883B25C000AB22E /* UIActionSheet+Blocks.h */ = {isa = PBXFileReference; fileEncoding = 4; lastKnownFileType = sourcecode.c.h; path = "UIActionSheet+Blocks.h"; sourceTree = "<group>"; };
		D40D762B1883B25C000AB22E /* UIActionSheet+Blocks.m */ = {isa = PBXFileReference; fileEncoding = 4; lastKnownFileType = sourcecode.c.objc; path = "UIActionSheet+Blocks.m"; sourceTree = "<group>"; };
		D40D762C1883B25C000AB22E /* RIButtonItem.h */ = {isa = PBXFileReference; fileEncoding = 4; lastKnownFileType = sourcecode.c.h; path = RIButtonItem.h; sourceTree = "<group>"; };
		D40D762D1883B25C000AB22E /* RIButtonItem.m */ = {isa = PBXFileReference; fileEncoding = 4; lastKnownFileType = sourcecode.c.objc; path = RIButtonItem.m; sourceTree = "<group>"; };
		D40D762E1883B25C000AB22E /* UIAlertView+Blocks.h */ = {isa = PBXFileReference; fileEncoding = 4; lastKnownFileType = sourcecode.c.h; path = "UIAlertView+Blocks.h"; sourceTree = "<group>"; };
		D40D762F1883B25C000AB22E /* UIAlertView+Blocks.m */ = {isa = PBXFileReference; fileEncoding = 4; lastKnownFileType = sourcecode.c.objc; path = "UIAlertView+Blocks.m"; sourceTree = "<group>"; };
		D40D76341883BA61000AB22E /* FacebookSDK.framework */ = {isa = PBXFileReference; lastKnownFileType = wrapper.framework; path = FacebookSDK.framework; sourceTree = "<group>"; };
		D4F19A071884D0ED0044B109 /* TCBCardViewController.h */ = {isa = PBXFileReference; fileEncoding = 4; lastKnownFileType = sourcecode.c.h; path = TCBCardViewController.h; sourceTree = "<group>"; };
		D4F19A081884D0ED0044B109 /* TCBCardViewController.m */ = {isa = PBXFileReference; fileEncoding = 4; lastKnownFileType = sourcecode.c.objc; path = TCBCardViewController.m; sourceTree = "<group>"; };
		D4F19A091884D0ED0044B109 /* TCBCardViewController.xib */ = {isa = PBXFileReference; fileEncoding = 4; lastKnownFileType = file.xib; path = TCBCardViewController.xib; sourceTree = "<group>"; };
		D4F19A0C1884D36A0044B109 /* background.png */ = {isa = PBXFileReference; lastKnownFileType = image.png; path = background.png; sourceTree = "<group>"; };
/* End PBXFileReference section */

/* Begin PBXFrameworksBuildPhase section */
		7E7C258E18821FD5005D9AB4 /* Frameworks */ = {
			isa = PBXFrameworksBuildPhase;
			buildActionMask = 2147483647;
			files = (
				D40D761C1883AB14000AB22E /* SystemConfiguration.framework in Frameworks */,
				D40D761A1883AB0B000AB22E /* StoreKit.framework in Frameworks */,
				D40D76181883AB05000AB22E /* Security.framework in Frameworks */,
				D40D76161883AAFD000AB22E /* QuartzCore.framework in Frameworks */,
				D40D76141883AAF5000AB22E /* MobileCoreServices.framework in Frameworks */,
				D40D76121883AAEE000AB22E /* libz.1.1.3.dylib in Frameworks */,
				D40D76101883AAE4000AB22E /* CoreLocation.framework in Frameworks */,
				7E7C259718821FD5005D9AB4 /* CoreGraphics.framework in Frameworks */,
				D40D760E1883AACC000AB22E /* CFNetwork.framework in Frameworks */,
				D40D760C1883AAC2000AB22E /* AudioToolbox.framework in Frameworks */,
				7EC00F2E1885E80000ABAE7A /* Parse.framework in Frameworks */,
				7E7C259918821FD5005D9AB4 /* UIKit.framework in Frameworks */,
				7E7C259518821FD5005D9AB4 /* Foundation.framework in Frameworks */,
				D40D76351883BA61000AB22E /* FacebookSDK.framework in Frameworks */,
			);
			runOnlyForDeploymentPostprocessing = 0;
		};
		7E7C25A918821FD5005D9AB4 /* Frameworks */ = {
			isa = PBXFrameworksBuildPhase;
			buildActionMask = 2147483647;
			files = (
				7E7C25AE18821FD5005D9AB4 /* XCTest.framework in Frameworks */,
				7E7C25B018821FD5005D9AB4 /* UIKit.framework in Frameworks */,
				7E7C25AF18821FD5005D9AB4 /* Foundation.framework in Frameworks */,
			);
			runOnlyForDeploymentPostprocessing = 0;
		};
/* End PBXFrameworksBuildPhase section */

/* Begin PBXGroup section */
		7E73AAE3188226E00006D699 /* Login */ = {
			isa = PBXGroup;
			children = (
				7E73AADE188226CF0006D699 /* TCBLoginViewController.h */,
				7E73AADF188226CF0006D699 /* TCBLoginViewController.m */,
				7E73AAE0188226CF0006D699 /* TCBLoginViewController.xib */,
				7E73AAE418822CD80006D699 /* TCBAutoLoginViewController.h */,
				7E73AAE518822CD80006D699 /* TCBAutoLoginViewController.m */,
				7E73AAE618822CD80006D699 /* TCBAutoLoginViewController.xib */,
				D40D76211883AD6E000AB22E /* TCBCreateAccountViewController.h */,
				D40D76221883AD6E000AB22E /* TCBCreateAccountViewController.m */,
				D40D76231883AD6E000AB22E /* TCBCreateAccountViewController.xib */,
			);
			name = Login;
			path = ..;
			sourceTree = "<group>";
		};
		7E7C258818821FD5005D9AB4 = {
			isa = PBXGroup;
			children = (
				7ED3C69F1884C5C600843EBB /* Images */,
				7E7C259A18821FD5005D9AB4 /* Flukit */,
				7E7C25B318821FD5005D9AB4 /* FlukitTests */,
				7E7C259318821FD5005D9AB4 /* Frameworks */,
				7E7C259218821FD5005D9AB4 /* Products */,
			);
			sourceTree = "<group>";
		};
		7E7C259218821FD5005D9AB4 /* Products */ = {
			isa = PBXGroup;
			children = (
				7E7C259118821FD5005D9AB4 /* Flukit.app */,
				7E7C25AC18821FD5005D9AB4 /* FlukitTests.xctest */,
			);
			name = Products;
			sourceTree = "<group>";
		};
		7E7C259318821FD5005D9AB4 /* Frameworks */ = {
			isa = PBXGroup;
			children = (
				7EC00F2D1885E80000ABAE7A /* Parse.framework */,
				D40D76341883BA61000AB22E /* FacebookSDK.framework */,
				D40D761B1883AB14000AB22E /* SystemConfiguration.framework */,
				D40D76191883AB0B000AB22E /* StoreKit.framework */,
				D40D76171883AB05000AB22E /* Security.framework */,
				D40D76151883AAFD000AB22E /* QuartzCore.framework */,
				D40D76131883AAF5000AB22E /* MobileCoreServices.framework */,
				D40D76111883AAEE000AB22E /* libz.1.1.3.dylib */,
				D40D760F1883AAE4000AB22E /* CoreLocation.framework */,
				D40D760D1883AACC000AB22E /* CFNetwork.framework */,
				D40D760B1883AAC2000AB22E /* AudioToolbox.framework */,
				7E7C259418821FD5005D9AB4 /* Foundation.framework */,
				7E7C259618821FD5005D9AB4 /* CoreGraphics.framework */,
				7E7C259818821FD5005D9AB4 /* UIKit.framework */,
				7E7C25AD18821FD5005D9AB4 /* XCTest.framework */,
			);
			name = Frameworks;
			sourceTree = "<group>";
		};
		7E7C259A18821FD5005D9AB4 /* Flukit */ = {
			isa = PBXGroup;
			children = (
				7EC00F341885ED7A00ABAE7A /* GameMode */,
				D4F19A061884D0D90044B109 /* Cards */,
				D40D76331883B260000AB22E /* Alert Views */,
				D40D76291883AF7F000AB22E /* ProgressHUDD */,
				7E73AAE3188226E00006D699 /* Login */,
				7E7C25A318821FD5005D9AB4 /* TCBAppDelegate.h */,
				7E7C25A418821FD5005D9AB4 /* TCBAppDelegate.m */,
				7E7C25A618821FD5005D9AB4 /* Images.xcassets */,
				7E7C259B18821FD5005D9AB4 /* Supporting Files */,
			);
			path = Flukit;
			sourceTree = "<group>";
		};
		7E7C259B18821FD5005D9AB4 /* Supporting Files */ = {
			isa = PBXGroup;
			children = (
				7E7C259C18821FD5005D9AB4 /* Flukit-Info.plist */,
				7E7C259D18821FD5005D9AB4 /* InfoPlist.strings */,
				7E7C25A018821FD5005D9AB4 /* main.m */,
				7E7C25A218821FD5005D9AB4 /* Flukit-Prefix.pch */,
			);
			name = "Supporting Files";
			sourceTree = "<group>";
		};
		7E7C25B318821FD5005D9AB4 /* FlukitTests */ = {
			isa = PBXGroup;
			children = (
				7E7C25B918821FD5005D9AB4 /* FlukitTests.m */,
				7E7C25B418821FD5005D9AB4 /* Supporting Files */,
			);
			path = FlukitTests;
			sourceTree = "<group>";
		};
		7E7C25B418821FD5005D9AB4 /* Supporting Files */ = {
			isa = PBXGroup;
			children = (
				7E7C25B518821FD5005D9AB4 /* FlukitTests-Info.plist */,
				7E7C25B618821FD5005D9AB4 /* InfoPlist.strings */,
			);
			name = "Supporting Files";
			sourceTree = "<group>";
		};
		7EC00F341885ED7A00ABAE7A /* GameMode */ = {
			isa = PBXGroup;
			children = (
				7EC00F2F1885ED7500ABAE7A /* TCBGameModeViewController.h */,
				7EC00F301885ED7500ABAE7A /* TCBGameModeViewController.m */,
				7EC00F311885ED7500ABAE7A /* TCBGameModeViewController.xib */,
			);
			name = GameMode;
			sourceTree = "<group>";
		};
		7ED3C69F1884C5C600843EBB /* Images */ = {
			isa = PBXGroup;
			children = (
				7ED3C6A01884C64C00843EBB /* openhand.png */,
				7ED3C69B1884C5B100843EBB /* Mr.Flukit.png */,
				7ED3C69A1884C5B100843EBB /* flickhand.png */,
			);
			name = Images;
			sourceTree = "<group>";
		};
		D40D76291883AF7F000AB22E /* ProgressHUDD */ = {
			isa = PBXGroup;
			children = (
				D40D76261883AF75000AB22E /* MBProgressHUD.h */,
				D40D76271883AF75000AB22E /* MBProgressHUD.m */,
			);
			name = ProgressHUDD;
			sourceTree = "<group>";
		};
		D40D76331883B260000AB22E /* Alert Views */ = {
			isa = PBXGroup;
			children = (
				D40D762B1883B25C000AB22E /* UIActionSheet+Blocks.m */,
				D40D762A1883B25C000AB22E /* UIActionSheet+Blocks.h */,
				D40D762C1883B25C000AB22E /* RIButtonItem.h */,
				D40D762D1883B25C000AB22E /* RIButtonItem.m */,
				D40D762E1883B25C000AB22E /* UIAlertView+Blocks.h */,
				D40D762F1883B25C000AB22E /* UIAlertView+Blocks.m */,
			);
			name = "Alert Views";
			sourceTree = "<group>";
		};
		D4F19A061884D0D90044B109 /* Cards */ = {
			isa = PBXGroup;
			children = (
				D4F19A0C1884D36A0044B109 /* background.png */,
				D4F19A071884D0ED0044B109 /* TCBCardViewController.h */,
				D4F19A081884D0ED0044B109 /* TCBCardViewController.m */,
				D4F19A091884D0ED0044B109 /* TCBCardViewController.xib */,
			);
			name = Cards;
			sourceTree = "<group>";
		};
/* End PBXGroup section */

/* Begin PBXNativeTarget section */
		7E7C259018821FD5005D9AB4 /* Flukit */ = {
			isa = PBXNativeTarget;
			buildConfigurationList = 7E7C25BD18821FD5005D9AB4 /* Build configuration list for PBXNativeTarget "Flukit" */;
			buildPhases = (
				7E7C258D18821FD5005D9AB4 /* Sources */,
				7E7C258E18821FD5005D9AB4 /* Frameworks */,
				7E7C258F18821FD5005D9AB4 /* Resources */,
			);
			buildRules = (
			);
			dependencies = (
			);
			name = Flukit;
			productName = Flukit;
			productReference = 7E7C259118821FD5005D9AB4 /* Flukit.app */;
			productType = "com.apple.product-type.application";
		};
		7E7C25AB18821FD5005D9AB4 /* FlukitTests */ = {
			isa = PBXNativeTarget;
			buildConfigurationList = 7E7C25C018821FD5005D9AB4 /* Build configuration list for PBXNativeTarget "FlukitTests" */;
			buildPhases = (
				7E7C25A818821FD5005D9AB4 /* Sources */,
				7E7C25A918821FD5005D9AB4 /* Frameworks */,
				7E7C25AA18821FD5005D9AB4 /* Resources */,
			);
			buildRules = (
			);
			dependencies = (
				7E7C25B218821FD5005D9AB4 /* PBXTargetDependency */,
			);
			name = FlukitTests;
			productName = FlukitTests;
			productReference = 7E7C25AC18821FD5005D9AB4 /* FlukitTests.xctest */;
			productType = "com.apple.product-type.bundle.unit-test";
		};
/* End PBXNativeTarget section */

/* Begin PBXProject section */
		7E7C258918821FD5005D9AB4 /* Project object */ = {
			isa = PBXProject;
			attributes = {
				CLASSPREFIX = TCB;
				LastUpgradeCheck = 0500;
				ORGANIZATIONNAME = TheCodeBoutique;
				TargetAttributes = {
					7E7C25AB18821FD5005D9AB4 = {
						TestTargetID = 7E7C259018821FD5005D9AB4;
					};
				};
			};
			buildConfigurationList = 7E7C258C18821FD5005D9AB4 /* Build configuration list for PBXProject "Flukit" */;
			compatibilityVersion = "Xcode 3.2";
			developmentRegion = English;
			hasScannedForEncodings = 0;
			knownRegions = (
				en,
			);
			mainGroup = 7E7C258818821FD5005D9AB4;
			productRefGroup = 7E7C259218821FD5005D9AB4 /* Products */;
			projectDirPath = "";
			projectRoot = "";
			targets = (
				7E7C259018821FD5005D9AB4 /* Flukit */,
				7E7C25AB18821FD5005D9AB4 /* FlukitTests */,
			);
		};
/* End PBXProject section */

/* Begin PBXResourcesBuildPhase section */
		7E7C258F18821FD5005D9AB4 /* Resources */ = {
			isa = PBXResourcesBuildPhase;
			buildActionMask = 2147483647;
			files = (
				7EC00F331885ED7500ABAE7A /* TCBGameModeViewController.xib in Resources */,
				D40D76251883AD6E000AB22E /* TCBCreateAccountViewController.xib in Resources */,
				D4F19A0D1884D36A0044B109 /* background.png in Resources */,
				7E73AAE2188226CF0006D699 /* TCBLoginViewController.xib in Resources */,
				7E73AAE818822CD80006D699 /* TCBAutoLoginViewController.xib in Resources */,
				D4F19A0B1884D0ED0044B109 /* TCBCardViewController.xib in Resources */,
				7ED3C69E1884C5B100843EBB /* Mr.Flukit.png in Resources */,
				7ED3C6A11884C64C00843EBB /* openhand.png in Resources */,
				7E7C259F18821FD5005D9AB4 /* InfoPlist.strings in Resources */,
				7ED3C69D1884C5B100843EBB /* flickhand.png in Resources */,
				7E7C25A718821FD5005D9AB4 /* Images.xcassets in Resources */,
			);
			runOnlyForDeploymentPostprocessing = 0;
		};
		7E7C25AA18821FD5005D9AB4 /* Resources */ = {
			isa = PBXResourcesBuildPhase;
			buildActionMask = 2147483647;
			files = (
				7E7C25B818821FD5005D9AB4 /* InfoPlist.strings in Resources */,
			);
			runOnlyForDeploymentPostprocessing = 0;
		};
/* End PBXResourcesBuildPhase section */

/* Begin PBXSourcesBuildPhase section */
		7E7C258D18821FD5005D9AB4 /* Sources */ = {
			isa = PBXSourcesBuildPhase;
			buildActionMask = 2147483647;
			files = (
				D4F19A0A1884D0ED0044B109 /* TCBCardViewController.m in Sources */,
				7E7C25A518821FD5005D9AB4 /* TCBAppDelegate.m in Sources */,
				D40D76301883B25C000AB22E /* UIActionSheet+Blocks.m in Sources */,
				D40D76281883AF75000AB22E /* MBProgressHUD.m in Sources */,
				D40D76321883B25C000AB22E /* UIAlertView+Blocks.m in Sources */,
				7E73AAE718822CD80006D699 /* TCBAutoLoginViewController.m in Sources */,
				D40D76241883AD6E000AB22E /* TCBCreateAccountViewController.m in Sources */,
				7E7C25A118821FD5005D9AB4 /* main.m in Sources */,
				7EC00F321885ED7500ABAE7A /* TCBGameModeViewController.m in Sources */,
				7E73AAE1188226CF0006D699 /* TCBLoginViewController.m in Sources */,
				D40D76311883B25C000AB22E /* RIButtonItem.m in Sources */,
			);
			runOnlyForDeploymentPostprocessing = 0;
		};
		7E7C25A818821FD5005D9AB4 /* Sources */ = {
			isa = PBXSourcesBuildPhase;
			buildActionMask = 2147483647;
			files = (
				7E7C25BA18821FD5005D9AB4 /* FlukitTests.m in Sources */,
			);
			runOnlyForDeploymentPostprocessing = 0;
		};
/* End PBXSourcesBuildPhase section */

/* Begin PBXTargetDependency section */
		7E7C25B218821FD5005D9AB4 /* PBXTargetDependency */ = {
			isa = PBXTargetDependency;
			target = 7E7C259018821FD5005D9AB4 /* Flukit */;
			targetProxy = 7E7C25B118821FD5005D9AB4 /* PBXContainerItemProxy */;
		};
/* End PBXTargetDependency section */

/* Begin PBXVariantGroup section */
		7E7C259D18821FD5005D9AB4 /* InfoPlist.strings */ = {
			isa = PBXVariantGroup;
			children = (
				7E7C259E18821FD5005D9AB4 /* en */,
			);
			name = InfoPlist.strings;
			sourceTree = "<group>";
		};
		7E7C25B618821FD5005D9AB4 /* InfoPlist.strings */ = {
			isa = PBXVariantGroup;
			children = (
				7E7C25B718821FD5005D9AB4 /* en */,
			);
			name = InfoPlist.strings;
			sourceTree = "<group>";
		};
/* End PBXVariantGroup section */

/* Begin XCBuildConfiguration section */
		7E7C25BB18821FD5005D9AB4 /* Debug */ = {
			isa = XCBuildConfiguration;
			buildSettings = {
				ALWAYS_SEARCH_USER_PATHS = NO;
				ARCHS = "$(ARCHS_STANDARD_INCLUDING_64_BIT)";
				CLANG_CXX_LANGUAGE_STANDARD = "gnu++0x";
				CLANG_CXX_LIBRARY = "libc++";
				CLANG_ENABLE_MODULES = YES;
				CLANG_ENABLE_OBJC_ARC = YES;
				CLANG_WARN_BOOL_CONVERSION = YES;
				CLANG_WARN_CONSTANT_CONVERSION = YES;
				CLANG_WARN_DIRECT_OBJC_ISA_USAGE = YES_ERROR;
				CLANG_WARN_EMPTY_BODY = YES;
				CLANG_WARN_ENUM_CONVERSION = YES;
				CLANG_WARN_INT_CONVERSION = YES;
				CLANG_WARN_OBJC_ROOT_CLASS = YES_ERROR;
				CLANG_WARN__DUPLICATE_METHOD_MATCH = YES;
				"CODE_SIGN_IDENTITY[sdk=iphoneos*]" = "iPhone Developer";
				COPY_PHASE_STRIP = NO;
				GCC_C_LANGUAGE_STANDARD = gnu99;
				GCC_DYNAMIC_NO_PIC = NO;
				GCC_OPTIMIZATION_LEVEL = 0;
				GCC_PREPROCESSOR_DEFINITIONS = (
					"DEBUG=1",
					"$(inherited)",
				);
				GCC_SYMBOLS_PRIVATE_EXTERN = NO;
				GCC_WARN_64_TO_32_BIT_CONVERSION = YES;
				GCC_WARN_ABOUT_RETURN_TYPE = YES_ERROR;
				GCC_WARN_UNDECLARED_SELECTOR = YES;
				GCC_WARN_UNINITIALIZED_AUTOS = YES;
				GCC_WARN_UNUSED_FUNCTION = YES;
				GCC_WARN_UNUSED_VARIABLE = YES;
				IPHONEOS_DEPLOYMENT_TARGET = 7.0;
				ONLY_ACTIVE_ARCH = YES;
				SDKROOT = iphoneos;
				TARGETED_DEVICE_FAMILY = "1,2";
			};
			name = Debug;
		};
		7E7C25BC18821FD5005D9AB4 /* Release */ = {
			isa = XCBuildConfiguration;
			buildSettings = {
				ALWAYS_SEARCH_USER_PATHS = NO;
				ARCHS = "$(ARCHS_STANDARD_INCLUDING_64_BIT)";
				CLANG_CXX_LANGUAGE_STANDARD = "gnu++0x";
				CLANG_CXX_LIBRARY = "libc++";
				CLANG_ENABLE_MODULES = YES;
				CLANG_ENABLE_OBJC_ARC = YES;
				CLANG_WARN_BOOL_CONVERSION = YES;
				CLANG_WARN_CONSTANT_CONVERSION = YES;
				CLANG_WARN_DIRECT_OBJC_ISA_USAGE = YES_ERROR;
				CLANG_WARN_EMPTY_BODY = YES;
				CLANG_WARN_ENUM_CONVERSION = YES;
				CLANG_WARN_INT_CONVERSION = YES;
				CLANG_WARN_OBJC_ROOT_CLASS = YES_ERROR;
				CLANG_WARN__DUPLICATE_METHOD_MATCH = YES;
				"CODE_SIGN_IDENTITY[sdk=iphoneos*]" = "iPhone Developer";
				COPY_PHASE_STRIP = YES;
				ENABLE_NS_ASSERTIONS = NO;
				GCC_C_LANGUAGE_STANDARD = gnu99;
				GCC_WARN_64_TO_32_BIT_CONVERSION = YES;
				GCC_WARN_ABOUT_RETURN_TYPE = YES_ERROR;
				GCC_WARN_UNDECLARED_SELECTOR = YES;
				GCC_WARN_UNINITIALIZED_AUTOS = YES;
				GCC_WARN_UNUSED_FUNCTION = YES;
				GCC_WARN_UNUSED_VARIABLE = YES;
				IPHONEOS_DEPLOYMENT_TARGET = 7.0;
				SDKROOT = iphoneos;
				TARGETED_DEVICE_FAMILY = "1,2";
				VALIDATE_PRODUCT = YES;
			};
			name = Release;
		};
		7E7C25BE18821FD5005D9AB4 /* Debug */ = {
			isa = XCBuildConfiguration;
			buildSettings = {
				ASSETCATALOG_COMPILER_APPICON_NAME = AppIcon;
				ASSETCATALOG_COMPILER_LAUNCHIMAGE_NAME = LaunchImage;
				CODE_SIGN_IDENTITY = "iPhone Developer";
				"CODE_SIGN_IDENTITY[sdk=iphoneos*]" = "iPhone Developer";
				FRAMEWORK_SEARCH_PATHS = (
					"$(inherited)",
					"/Users/kcarriedo/iOS/Fl-kit",
					/Users/marinfischer/Dev/Training/Flukit,
				);
				GCC_PRECOMPILE_PREFIX_HEADER = YES;
				GCC_PREFIX_HEADER = "Flukit/Flukit-Prefix.pch";
				INFOPLIST_FILE = "Flukit/Flukit-Info.plist";
				PRODUCT_NAME = "$(TARGET_NAME)";
				PROVISIONING_PROFILE = "";
				WRAPPER_EXTENSION = app;
			};
			name = Debug;
		};
		7E7C25BF18821FD5005D9AB4 /* Release */ = {
			isa = XCBuildConfiguration;
			buildSettings = {
				ASSETCATALOG_COMPILER_APPICON_NAME = AppIcon;
				ASSETCATALOG_COMPILER_LAUNCHIMAGE_NAME = LaunchImage;
				CODE_SIGN_IDENTITY = "iPhone Developer";
				"CODE_SIGN_IDENTITY[sdk=iphoneos*]" = "iPhone Developer";
				FRAMEWORK_SEARCH_PATHS = (
					"$(inherited)",
					"/Users/kcarriedo/iOS/Fl-kit",
					/Users/marinfischer/Dev/Training/Flukit,
				);
				GCC_PRECOMPILE_PREFIX_HEADER = YES;
				GCC_PREFIX_HEADER = "Flukit/Flukit-Prefix.pch";
				INFOPLIST_FILE = "Flukit/Flukit-Info.plist";
				PRODUCT_NAME = "$(TARGET_NAME)";
				PROVISIONING_PROFILE = "";
				WRAPPER_EXTENSION = app;
			};
			name = Release;
		};
		7E7C25C118821FD5005D9AB4 /* Debug */ = {
			isa = XCBuildConfiguration;
			buildSettings = {
				ARCHS = "$(ARCHS_STANDARD_INCLUDING_64_BIT)";
				BUNDLE_LOADER = "$(BUILT_PRODUCTS_DIR)/Flukit.app/Flukit";
				FRAMEWORK_SEARCH_PATHS = (
					"$(SDKROOT)/Developer/Library/Frameworks",
					"$(inherited)",
					"$(DEVELOPER_FRAMEWORKS_DIR)",
				);
				GCC_PRECOMPILE_PREFIX_HEADER = YES;
				GCC_PREFIX_HEADER = "Flukit/Flukit-Prefix.pch";
				GCC_PREPROCESSOR_DEFINITIONS = (
					"DEBUG=1",
					"$(inherited)",
				);
				INFOPLIST_FILE = "FlukitTests/FlukitTests-Info.plist";
				PRODUCT_NAME = "$(TARGET_NAME)";
				TEST_HOST = "$(BUNDLE_LOADER)";
				WRAPPER_EXTENSION = xctest;
			};
			name = Debug;
		};
		7E7C25C218821FD5005D9AB4 /* Release */ = {
			isa = XCBuildConfiguration;
			buildSettings = {
				ARCHS = "$(ARCHS_STANDARD_INCLUDING_64_BIT)";
				BUNDLE_LOADER = "$(BUILT_PRODUCTS_DIR)/Flukit.app/Flukit";
				FRAMEWORK_SEARCH_PATHS = (
					"$(SDKROOT)/Developer/Library/Frameworks",
					"$(inherited)",
					"$(DEVELOPER_FRAMEWORKS_DIR)",
				);
				GCC_PRECOMPILE_PREFIX_HEADER = YES;
				GCC_PREFIX_HEADER = "Flukit/Flukit-Prefix.pch";
				INFOPLIST_FILE = "FlukitTests/FlukitTests-Info.plist";
				PRODUCT_NAME = "$(TARGET_NAME)";
				TEST_HOST = "$(BUNDLE_LOADER)";
				WRAPPER_EXTENSION = xctest;
			};
			name = Release;
		};
/* End XCBuildConfiguration section */

/* Begin XCConfigurationList section */
		7E7C258C18821FD5005D9AB4 /* Build configuration list for PBXProject "Flukit" */ = {
			isa = XCConfigurationList;
			buildConfigurations = (
				7E7C25BB18821FD5005D9AB4 /* Debug */,
				7E7C25BC18821FD5005D9AB4 /* Release */,
			);
			defaultConfigurationIsVisible = 0;
			defaultConfigurationName = Release;
		};
		7E7C25BD18821FD5005D9AB4 /* Build configuration list for PBXNativeTarget "Flukit" */ = {
			isa = XCConfigurationList;
			buildConfigurations = (
				7E7C25BE18821FD5005D9AB4 /* Debug */,
				7E7C25BF18821FD5005D9AB4 /* Release */,
			);
			defaultConfigurationIsVisible = 0;
			defaultConfigurationName = Release;
		};
		7E7C25C018821FD5005D9AB4 /* Build configuration list for PBXNativeTarget "FlukitTests" */ = {
			isa = XCConfigurationList;
			buildConfigurations = (
				7E7C25C118821FD5005D9AB4 /* Debug */,
				7E7C25C218821FD5005D9AB4 /* Release */,
			);
			defaultConfigurationIsVisible = 0;
			defaultConfigurationName = Release;
		};
/* End XCConfigurationList section */
	};
	rootObject = 7E7C258918821FD5005D9AB4 /* Project object */;
}
